
Microsoft Visual Studio Solution File, Format Version 12.00
# Visual Studio 14
VisualStudioVersion = 14.0.23107.0
MinimumVisualStudioVersion = 10.0.40219.1
Project("{2150E333-8FDC-42A3-9474-1A3956D46DE8}") = "Solution Items", "Solution Items", "{0DB55A3E-14A0-4904-A95A-DBD8C42137E9}"
	ProjectSection(SolutionItems) = preProject
		build.ps1 = build.ps1
		README.md = README.md
	EndProjectSection
EndProject
Project("{FAE04EC0-301F-11D3-BF4B-00C04F79EFBC}") = "F2BLogAnalyzer", "F2BLogAnalyzer\F2BLogAnalyzer.csproj", "{EA3E584F-EB31-40E0-8E13-6DCD2F7B05E8}"
	ProjectSection(ProjectDependencies) = postProject
		{9A3952AB-BDE3-4669-8EC1-F14E8735C63A} = {9A3952AB-BDE3-4669-8EC1-F14E8735C63A}
	EndProjectSectionEndProject
EndProject
Project("{FAE04EC0-301F-11D3-BF4B-00C04F79EFBC}") = "F2BLogAnalyzer.nomsmq", "F2BLogAnalyzer\F2BLogAnalyzer.nomsmq.csproj", "{2209DC85-509B-4045-8F8C-80CC782A2F9B}"
	ProjectSection(ProjectDependencies) = postProject
		{9A3952AB-BDE3-4669-8EC1-F14E8735C63A} = {9A3952AB-BDE3-4669-8EC1-F14E8735C63A}
	EndProjectSectionEndProject
Project("{FAE04EC0-301F-11D3-BF4B-00C04F79EFBC}") = "F2BLogAnalyzer.nowfp", "F2BLogAnalyzer\F2BLogAnalyzer.nowfp.csproj", "{DAEB10E7-DDC6-40E8-BA06-3339B278F1B2}"
EndProject
Project("{FAE04EC0-301F-11D3-BF4B-00C04F79EFBC}") = "F2BLogAnalyzer.standalone", "F2BLogAnalyzer\F2BLogAnalyzer.standalone.csproj", "{9DEE72CF-D681-4914-A0D0-338F2AB65810}"
EndProject
Project("{FAE04EC0-301F-11D3-BF4B-00C04F79EFBC}") = "F2BQueue", "F2BQueue\F2BQueue.csproj", "{A0705816-B0E0-41D0-A6A5-06F4C3098D21}"
EndProject
Project("{FAE04EC0-301F-11D3-BF4B-00C04F79EFBC}") = "F2BFirewall", "F2BFirewall\F2BFirewall.csproj", "{1A68ED0A-1AEA-4B89-BC1B-8F19E3871B5B}"
EndProject
Project("{D954291E-2A0B-460D-934E-DC6B0785DB48}") = "F2BShared", "F2BShared\F2BShared.shproj", "{5B58CFDC-29DF-467F-98D3-D0A38C5A31D1}"
EndProject
Project("{D954291E-2A0B-460D-934E-DC6B0785DB48}") = "F2BSharedWFP", "F2BSharedWFP\F2BSharedWFP.shproj", "{1E4FCB0D-E689-402A-B947-1624CC53D718}"
EndProject
Project("{8BC9CEB8-8B4A-11D0-8D11-00A0C91BC942}") = "F2BWFP", "F2BWFP\F2BWFP.vcxproj", "{9A3952AB-BDE3-4669-8EC1-F14E8735C63A}"
EndProject
Project("{FAE04EC0-301F-11D3-BF4B-00C04F79EFBC}") = "F2BFwCmd", "F2BFwCmd\F2BFwCmd.csproj", "{266D6123-3257-4BFA-A1BE-11BFC03C3649}"
	ProjectSection(ProjectDependencies) = postProject
		{9A3952AB-BDE3-4669-8EC1-F14E8735C63A} = {9A3952AB-BDE3-4669-8EC1-F14E8735C63A}
	EndProjectSectionEndProject
EndProject
Global
	GlobalSection(SharedMSBuildProjectFiles) = preSolution
		F2BShared\F2BShared.projitems*{1a68ed0a-1aea-4b89-bc1b-8f19e3871b5b}*SharedItemsImports = 4
		F2BSharedWFP\F2BSharedWFP.projitems*{1a68ed0a-1aea-4b89-bc1b-8f19e3871b5b}*SharedItemsImports = 4
		F2BShared\F2BShared.projitems*{5b58cfdc-29df-467f-98d3-d0a38c5a31d1}*SharedItemsImports = 13
		F2BSharedWFP\F2BSharedWFP.projitems*{1e4fcb0d-e689-402a-b947-1624cc53d718}*SharedItemsImports = 13
		F2BShared\F2BShared.projitems*{2209dc85-509b-4045-8f8c-80cc782a2f9b}*SharedItemsImports = 4
		F2BSharedWFP\F2BSharedWFP.projitems*{2209dc85-509b-4045-8f8c-80cc782a2f9b}*SharedItemsImports = 4
		F2BShared\F2BShared.projitems*{266d6123-3257-4bfa-a1be-11bfc03c3649}*SharedItemsImports = 4
		F2BSharedWFP\F2BSharedWFP.projitems*{266d6123-3257-4bfa-a1be-11bfc03c3649}*SharedItemsImports = 4
		F2BShared\F2BShared.projitems*{a0705816-b0e0-41d0-a6a5-06f4c3098d21}*SharedItemsImports = 4
		F2BShared\F2BShared.projitems*{daeb10e7-ddc6-40e8-ba06-3339b278f1b2}*SharedItemsImports = 4
		F2BShared\F2BShared.projitems*{ea3e584f-eb31-40e0-8e13-6dcd2f7b05e8}*SharedItemsImports = 4
		F2BSharedWFP\F2BSharedWFP.projitems*{ea3e584f-eb31-40e0-8e13-6dcd2f7b05e8}*SharedItemsImports = 4
		F2BShared\F2BShared.projitems*{9dee72cf-d681-4914-a0d0-338f2ab65810}*SharedItemsImports = 4
	EndGlobalSection
	GlobalSection(SolutionConfigurationPlatforms) = preSolution
		Debug|Any CPU = Debug|Any CPU
		Debug|ARM = Debug|ARM
		Debug|x64 = Debug|x64
		Debug|x86 = Debug|x86
		Release|Any CPU = Release|Any CPU
		Release|ARM = Release|ARM
		Release|x64 = Release|x64
		Release|x86 = Release|x86
	EndGlobalSection
	GlobalSection(ProjectConfigurationPlatforms) = postSolution
		{EA3E584F-EB31-40E0-8E13-6DCD2F7B05E8}.Debug|Any CPU.ActiveCfg = Debug|Any CPU
		{EA3E584F-EB31-40E0-8E13-6DCD2F7B05E8}.Debug|Any CPU.Build.0 = Debug|Any CPU
		{EA3E584F-EB31-40E0-8E13-6DCD2F7B05E8}.Debug|ARM.ActiveCfg = Debug|Any CPU
		{EA3E584F-EB31-40E0-8E13-6DCD2F7B05E8}.Debug|ARM.Build.0 = Debug|Any CPU
		{EA3E584F-EB31-40E0-8E13-6DCD2F7B05E8}.Debug|x64.ActiveCfg = Debug|x64
		{EA3E584F-EB31-40E0-8E13-6DCD2F7B05E8}.Debug|x64.Build.0 = Debug|x64
		{EA3E584F-EB31-40E0-8E13-6DCD2F7B05E8}.Debug|x86.ActiveCfg = Debug|Any CPU
		{EA3E584F-EB31-40E0-8E13-6DCD2F7B05E8}.Debug|x86.Build.0 = Debug|Any CPU
		{EA3E584F-EB31-40E0-8E13-6DCD2F7B05E8}.Release|Any CPU.ActiveCfg = Release|Any CPU
		{EA3E584F-EB31-40E0-8E13-6DCD2F7B05E8}.Release|Any CPU.Build.0 = Release|Any CPU
		{EA3E584F-EB31-40E0-8E13-6DCD2F7B05E8}.Release|ARM.ActiveCfg = Release|Any CPU
		{EA3E584F-EB31-40E0-8E13-6DCD2F7B05E8}.Release|ARM.Build.0 = Release|Any CPU
		{EA3E584F-EB31-40E0-8E13-6DCD2F7B05E8}.Release|x64.ActiveCfg = Release|x64
		{EA3E584F-EB31-40E0-8E13-6DCD2F7B05E8}.Release|x64.Build.0 = Release|x64
		{EA3E584F-EB31-40E0-8E13-6DCD2F7B05E8}.Release|x86.ActiveCfg = Release|Any CPU
		{EA3E584F-EB31-40E0-8E13-6DCD2F7B05E8}.Release|x86.Build.0 = Release|Any CPU
		{2209DC85-509B-4045-8F8C-80CC782A2F9B}.Debug|Any CPU.ActiveCfg = Debug|Any CPU
		{2209DC85-509B-4045-8F8C-80CC782A2F9B}.Debug|Any CPU.Build.0 = Debug|Any CPU
		{2209DC85-509B-4045-8F8C-80CC782A2F9B}.Debug|ARM.ActiveCfg = Debug|Any CPU
		{2209DC85-509B-4045-8F8C-80CC782A2F9B}.Debug|ARM.Build.0 = Debug|Any CPU
		{2209DC85-509B-4045-8F8C-80CC782A2F9B}.Debug|x64.ActiveCfg = Debug|x64
		{2209DC85-509B-4045-8F8C-80CC782A2F9B}.Debug|x64.Build.0 = Debug|x64
		{2209DC85-509B-4045-8F8C-80CC782A2F9B}.Debug|x86.ActiveCfg = Debug|Any CPU
		{2209DC85-509B-4045-8F8C-80CC782A2F9B}.Debug|x86.Build.0 = Debug|Any CPU
		{2209DC85-509B-4045-8F8C-80CC782A2F9B}.Release|Any CPU.ActiveCfg = Release|Any CPU
		{2209DC85-509B-4045-8F8C-80CC782A2F9B}.Release|Any CPU.Build.0 = Release|Any CPU
		{2209DC85-509B-4045-8F8C-80CC782A2F9B}.Release|ARM.ActiveCfg = Release|Any CPU
		{2209DC85-509B-4045-8F8C-80CC782A2F9B}.Release|ARM.Build.0 = Release|Any CPU
		{2209DC85-509B-4045-8F8C-80CC782A2F9B}.Release|x64.ActiveCfg = Release|x64
		{2209DC85-509B-4045-8F8C-80CC782A2F9B}.Release|x64.Build.0 = Release|x64
		{2209DC85-509B-4045-8F8C-80CC782A2F9B}.Release|x86.ActiveCfg = Release|Any CPU
		{2209DC85-509B-4045-8F8C-80CC782A2F9B}.Release|x86.Build.0 = Release|Any CPU
		{DAEB10E7-DDC6-40E8-BA06-3339B278F1B2}.Debug|Any CPU.ActiveCfg = Debug|Any CPU
		{DAEB10E7-DDC6-40E8-BA06-3339B278F1B2}.Debug|Any CPU.Build.0 = Debug|Any CPU
		{DAEB10E7-DDC6-40E8-BA06-3339B278F1B2}.Debug|ARM.ActiveCfg = Debug|Any CPU
		{DAEB10E7-DDC6-40E8-BA06-3339B278F1B2}.Debug|ARM.Build.0 = Debug|Any CPU
		{DAEB10E7-DDC6-40E8-BA06-3339B278F1B2}.Debug|x64.ActiveCfg = Debug|x64
		{DAEB10E7-DDC6-40E8-BA06-3339B278F1B2}.Debug|x64.Build.0 = Debug|x64
		{DAEB10E7-DDC6-40E8-BA06-3339B278F1B2}.Debug|x86.ActiveCfg = Debug|Any CPU
		{DAEB10E7-DDC6-40E8-BA06-3339B278F1B2}.Debug|x86.Build.0 = Debug|Any CPU
		{DAEB10E7-DDC6-40E8-BA06-3339B278F1B2}.Release|Any CPU.ActiveCfg = Release|Any CPU
		{DAEB10E7-DDC6-40E8-BA06-3339B278F1B2}.Release|Any CPU.Build.0 = Release|Any CPU
		{DAEB10E7-DDC6-40E8-BA06-3339B278F1B2}.Release|ARM.ActiveCfg = Release|Any CPU
		{DAEB10E7-DDC6-40E8-BA06-3339B278F1B2}.Release|ARM.Build.0 = Release|Any CPU
		{DAEB10E7-DDC6-40E8-BA06-3339B278F1B2}.Release|x64.ActiveCfg = Release|x64
		{DAEB10E7-DDC6-40E8-BA06-3339B278F1B2}.Release|x64.Build.0 = Release|x64
		{DAEB10E7-DDC6-40E8-BA06-3339B278F1B2}.Release|x86.ActiveCfg = Release|Any CPU
		{DAEB10E7-DDC6-40E8-BA06-3339B278F1B2}.Release|x86.Build.0 = Release|Any CPU
		{9DEE72CF-D681-4914-A0D0-338F2AB65810}.Debug|Any CPU.ActiveCfg = Debug|Any CPU
		{9DEE72CF-D681-4914-A0D0-338F2AB65810}.Debug|Any CPU.Build.0 = Debug|Any CPU
		{9DEE72CF-D681-4914-A0D0-338F2AB65810}.Debug|ARM.ActiveCfg = Debug|Any CPU
		{9DEE72CF-D681-4914-A0D0-338F2AB65810}.Debug|ARM.Build.0 = Debug|Any CPU
		{9DEE72CF-D681-4914-A0D0-338F2AB65810}.Debug|x64.ActiveCfg = Debug|x64
		{9DEE72CF-D681-4914-A0D0-338F2AB65810}.Debug|x64.Build.0 = Debug|x64
		{9DEE72CF-D681-4914-A0D0-338F2AB65810}.Debug|x86.ActiveCfg = Debug|Any CPU
		{9DEE72CF-D681-4914-A0D0-338F2AB65810}.Debug|x86.Build.0 = Debug|Any CPU
		{9DEE72CF-D681-4914-A0D0-338F2AB65810}.Release|Any CPU.ActiveCfg = Release|Any CPU
		{9DEE72CF-D681-4914-A0D0-338F2AB65810}.Release|Any CPU.Build.0 = Release|Any CPU
		{9DEE72CF-D681-4914-A0D0-338F2AB65810}.Release|ARM.ActiveCfg = Release|Any CPU
		{9DEE72CF-D681-4914-A0D0-338F2AB65810}.Release|ARM.Build.0 = Release|Any CPU
		{9DEE72CF-D681-4914-A0D0-338F2AB65810}.Release|x64.ActiveCfg = Release|x64
		{9DEE72CF-D681-4914-A0D0-338F2AB65810}.Release|x64.Build.0 = Release|x64
		{9DEE72CF-D681-4914-A0D0-338F2AB65810}.Release|x86.ActiveCfg = Release|Any CPU
		{9DEE72CF-D681-4914-A0D0-338F2AB65810}.Release|x86.Build.0 = Release|Any CPU
		{A0705816-B0E0-41D0-A6A5-06F4C3098D21}.Debug|Any CPU.ActiveCfg = Debug|Any CPU
		{A0705816-B0E0-41D0-A6A5-06F4C3098D21}.Debug|Any CPU.Build.0 = Debug|Any CPU
		{A0705816-B0E0-41D0-A6A5-06F4C3098D21}.Debug|ARM.ActiveCfg = Debug|Any CPU
		{A0705816-B0E0-41D0-A6A5-06F4C3098D21}.Debug|ARM.Build.0 = Debug|Any CPU
		{A0705816-B0E0-41D0-A6A5-06F4C3098D21}.Debug|x64.ActiveCfg = Debug|x64
		{A0705816-B0E0-41D0-A6A5-06F4C3098D21}.Debug|x64.Build.0 = Debug|x64
		{A0705816-B0E0-41D0-A6A5-06F4C3098D21}.Debug|x86.ActiveCfg = Debug|Any CPU
		{A0705816-B0E0-41D0-A6A5-06F4C3098D21}.Debug|x86.Build.0 = Debug|Any CPU
		{A0705816-B0E0-41D0-A6A5-06F4C3098D21}.Release|Any CPU.ActiveCfg = Release|Any CPU
		{A0705816-B0E0-41D0-A6A5-06F4C3098D21}.Release|Any CPU.Build.0 = Release|Any CPU
		{A0705816-B0E0-41D0-A6A5-06F4C3098D21}.Release|ARM.ActiveCfg = Release|Any CPU
		{A0705816-B0E0-41D0-A6A5-06F4C3098D21}.Release|ARM.Build.0 = Release|Any CPU
		{A0705816-B0E0-41D0-A6A5-06F4C3098D21}.Release|x64.ActiveCfg = Release|x64
		{A0705816-B0E0-41D0-A6A5-06F4C3098D21}.Release|x64.Build.0 = Release|x64
		{A0705816-B0E0-41D0-A6A5-06F4C3098D21}.Release|x86.ActiveCfg = Release|Any CPU
		{A0705816-B0E0-41D0-A6A5-06F4C3098D21}.Release|x86.Build.0 = Release|Any CPU
		{1A68ED0A-1AEA-4B89-BC1B-8F19E3871B5B}.Debug|Any CPU.ActiveCfg = Debug|Any CPU
		{1A68ED0A-1AEA-4B89-BC1B-8F19E3871B5B}.Debug|Any CPU.Build.0 = Debug|Any CPU
		{1A68ED0A-1AEA-4B89-BC1B-8F19E3871B5B}.Debug|ARM.ActiveCfg = Debug|Any CPU
		{1A68ED0A-1AEA-4B89-BC1B-8F19E3871B5B}.Debug|ARM.Build.0 = Debug|Any CPU
		{1A68ED0A-1AEA-4B89-BC1B-8F19E3871B5B}.Debug|x64.ActiveCfg = Debug|x64
		{1A68ED0A-1AEA-4B89-BC1B-8F19E3871B5B}.Debug|x64.Build.0 = Debug|x64
		{1A68ED0A-1AEA-4B89-BC1B-8F19E3871B5B}.Debug|x86.ActiveCfg = Debug|Any CPU
		{1A68ED0A-1AEA-4B89-BC1B-8F19E3871B5B}.Debug|x86.Build.0 = Debug|Any CPU
		{1A68ED0A-1AEA-4B89-BC1B-8F19E3871B5B}.Release|Any CPU.ActiveCfg = Release|Any CPU
		{1A68ED0A-1AEA-4B89-BC1B-8F19E3871B5B}.Release|Any CPU.Build.0 = Release|Any CPU
		{1A68ED0A-1AEA-4B89-BC1B-8F19E3871B5B}.Release|ARM.ActiveCfg = Release|Any CPU
		{1A68ED0A-1AEA-4B89-BC1B-8F19E3871B5B}.Release|ARM.Build.0 = Release|Any CPU
		{1A68ED0A-1AEA-4B89-BC1B-8F19E3871B5B}.Release|x64.ActiveCfg = Release|x64
		{1A68ED0A-1AEA-4B89-BC1B-8F19E3871B5B}.Release|x64.Build.0 = Release|x64
		{1A68ED0A-1AEA-4B89-BC1B-8F19E3871B5B}.Release|x86.ActiveCfg = Release|Any CPU
		{1A68ED0A-1AEA-4B89-BC1B-8F19E3871B5B}.Release|x86.Build.0 = Release|Any CPU
		{9A3952AB-BDE3-4669-8EC1-F14E8735C63A}.Debug|Any CPU.ActiveCfg = Debug|Win32
		{9A3952AB-BDE3-4669-8EC1-F14E8735C63A}.Debug|Any CPU.Build.0 = Debug|Win32
		{9A3952AB-BDE3-4669-8EC1-F14E8735C63A}.Debug|ARM.ActiveCfg = Debug|Win32
		{9A3952AB-BDE3-4669-8EC1-F14E8735C63A}.Debug|x64.ActiveCfg = Debug|x64
		{9A3952AB-BDE3-4669-8EC1-F14E8735C63A}.Debug|x64.Build.0 = Debug|x64
		{9A3952AB-BDE3-4669-8EC1-F14E8735C63A}.Debug|x86.ActiveCfg = Debug|Win32
		{9A3952AB-BDE3-4669-8EC1-F14E8735C63A}.Debug|x86.Build.0 = Debug|Win32
		{9A3952AB-BDE3-4669-8EC1-F14E8735C63A}.Release|Any CPU.ActiveCfg = Release|Win32
		{9A3952AB-BDE3-4669-8EC1-F14E8735C63A}.Release|Any CPU.Build.0 = Release|Win32
		{9A3952AB-BDE3-4669-8EC1-F14E8735C63A}.Release|ARM.ActiveCfg = Release|Win32
		{9A3952AB-BDE3-4669-8EC1-F14E8735C63A}.Release|x64.ActiveCfg = Release|x64
		{9A3952AB-BDE3-4669-8EC1-F14E8735C63A}.Release|x64.Build.0 = Release|x64
		{9A3952AB-BDE3-4669-8EC1-F14E8735C63A}.Release|x86.ActiveCfg = Release|Win32
		{9A3952AB-BDE3-4669-8EC1-F14E8735C63A}.Release|x86.Build.0 = Release|Win32
		{266D6123-3257-4BFA-A1BE-11BFC03C3649}.Debug|Any CPU.ActiveCfg = Debug|Any CPU
		{266D6123-3257-4BFA-A1BE-11BFC03C3649}.Debug|Any CPU.Build.0 = Debug|Any CPU
		{266D6123-3257-4BFA-A1BE-11BFC03C3649}.Debug|ARM.ActiveCfg = Debug|Any CPU
		{266D6123-3257-4BFA-A1BE-11BFC03C3649}.Debug|ARM.Build.0 = Debug|Any CPU
		{266D6123-3257-4BFA-A1BE-11BFC03C3649}.Debug|x64.ActiveCfg = Debug|x64
		{266D6123-3257-4BFA-A1BE-11BFC03C3649}.Debug|x64.Build.0 = Debug|x64
		{266D6123-3257-4BFA-A1BE-11BFC03C3649}.Debug|x86.ActiveCfg = Debug|Any CPU
		{266D6123-3257-4BFA-A1BE-11BFC03C3649}.Debug|x86.Build.0 = Debug|Any CPU
		{266D6123-3257-4BFA-A1BE-11BFC03C3649}.Release|Any CPU.ActiveCfg = Release|Any CPU
		{266D6123-3257-4BFA-A1BE-11BFC03C3649}.Release|Any CPU.Build.0 = Release|Any CPU
		{266D6123-3257-4BFA-A1BE-11BFC03C3649}.Release|ARM.ActiveCfg = Release|Any CPU
		{266D6123-3257-4BFA-A1BE-11BFC03C3649}.Release|ARM.Build.0 = Release|Any CPU
		{266D6123-3257-4BFA-A1BE-11BFC03C3649}.Release|x64.ActiveCfg = Release|x64
		{266D6123-3257-4BFA-A1BE-11BFC03C3649}.Release|x64.Build.0 = Release|x64
		{266D6123-3257-4BFA-A1BE-11BFC03C3649}.Release|x86.ActiveCfg = Release|Any CPU
		{266D6123-3257-4BFA-A1BE-11BFC03C3649}.Release|x86.Build.0 = Release|Any CPU
	EndGlobalSection
	GlobalSection(SolutionProperties) = preSolution
		HideSolutionNode = FALSE
	EndGlobalSection
EndGlobal
